Microsoft Visual Studio Solution File, Format Version 12.00
# Visual Studio Version 17
VisualStudioVersion = 17.5.002.0
MinimumVisualStudioVersion = 10.0.40219.1
Project("{9A19103F-16F7-4668-BE54-9A1E7A4F7556}") = "MythApi", "src\MythApi.csproj", "{7557B490-3FD9-4E24-B63E-A945EC0A1D65}"
EndProject
Project("{FAE04EC0-301F-11D3-BF4B-00C04F79EFBC}") = "UnitTests", "tests\UnitTests\UnitTests.csproj", "{0470D25C-84B2-4749-8EA5-8DC21431D83A}"
EndProject
Project("{FAE04EC0-301F-11D3-BF4B-00C04F79EFBC}") = "IntegrationTests", "tests\IntegrationTests\IntegrationTests.csproj", "{909B8631-7E7E-4945-A192-B6EA4DD3A1C4}"
EndProject
Global
	GlobalSection(SolutionConfigurationPlatforms) = preSolution
		Debug|Any CPU = Debug|Any CPU
		Release|Any CPU = Release|Any CPU
	EndGlobalSection
	GlobalSection(ProjectConfigurationPlatforms) = postSolution
		{7557B490-3FD9-4E24-B63E-A945EC0A1D65}.Debug|Any CPU.ActiveCfg = Debug|Any CPU
		{7557B490-3FD9-4E24-B63E-A945EC0A1D65}.Debug|Any CPU.Build.0 = Debug|Any CPU
		{7557B490-3FD9-4E24-B63E-A945EC0A1D65}.Release|Any CPU.ActiveCfg = Release|Any CPU
		{7557B490-3FD9-4E24-B63E-A945EC0A1D65}.Release|Any CPU.Build.0 = Release|Any CPU
		{0470D25C-84B2-4749-8EA5-8DC21431D83A}.Debug|Any CPU.ActiveCfg = Debug|Any CPU
		{0470D25C-84B2-4749-8EA5-8DC21431D83A}.Debug|Any CPU.Build.0 = Debug|Any CPU
		{0470D25C-84B2-4749-8EA5-8DC21431D83A}.Release|Any CPU.ActiveCfg = Release|Any CPU
		{0470D25C-84B2-4749-8EA5-8DC21431D83A}.Release|Any CPU.Build.0 = Release|Any CPU
		{909B8631-7E7E-4945-A192-B6EA4DD3A1C4}.Debug|Any CPU.ActiveCfg = Debug|Any CPU
		{909B8631-7E7E-4945-A192-B6EA4DD3A1C4}.Debug|Any CPU.Build.0 = Debug|Any CPU
		{909B8631-7E7E-4945-A192-B6EA4DD3A1C4}.Release|Any CPU.ActiveCfg = Release|Any CPU
		{909B8631-7E7E-4945-A192-B6EA4DD3A1C4}.Release|Any CPU.Build.0 = Release|Any CPU
	EndGlobalSection
	GlobalSection(SolutionProperties) = preSolution
		HideSolutionNode = FALSE
	EndGlobalSection
	GlobalSection(ExtensibilityGlobals) = postSolution
		SolutionGuid = {20F838F2-04B4-4060-9E36-F5FB39FA8135}
	EndGlobalSection
EndGlobal
